
Microsoft Visual Studio Solution File, Format Version 12.00
# Visual Studio Version 17
VisualStudioVersion = 17.5.002.0
MinimumVisualStudioVersion = 10.0.40219.1
Project("{9A19103F-16F7-4668-BE54-9A1E7A4F7556}") = "TechMarketApi", "TechMarketApi\TechMarketApi.csproj", "{3BD3951B-A86B-4D18-B2CB-53554030478D}"
EndProject
Global
	GlobalSection(SolutionConfigurationPlatforms) = preSolution
		Debug|Any CPU = Debug|Any CPU
		Release|Any CPU = Release|Any CPU
	EndGlobalSection
	GlobalSection(ProjectConfigurationPlatforms) = postSolution
		{3BD3951B-A86B-4D18-B2CB-53554030478D}.Debug|Any CPU.ActiveCfg = Debug|Any CPU
		{3BD3951B-A86B-4D18-B2CB-53554030478D}.Debug|Any CPU.Build.0 = Debug|Any CPU
		{3BD3951B-A86B-4D18-B2CB-53554030478D}.Release|Any CPU.ActiveCfg = Release|Any CPU
		{3BD3951B-A86B-4D18-B2CB-53554030478D}.Release|Any CPU.Build.0 = Release|Any CPU
	EndGlobalSection
	GlobalSection(SolutionProperties) = preSolution
		HideSolutionNode = FALSE
	EndGlobalSection
	GlobalSection(ExtensibilityGlobals) = postSolution
		SolutionGuid = {9FEDF36E-FB10-452D-83E3-4665750DD903}
	EndGlobalSection
EndGlobal
